
Microsoft Visual Studio Solution File, Format Version 12.00
# Visual Studio Version 16
VisualStudioVersion = 16.0.28803.156
MinimumVisualStudioVersion = 10.0.40219.1
Project("{FAE04EC0-301F-11D3-BF4B-00C04F79EFBC}") = "Table3", "Table3\Table3.csproj", "{475CB440-666C-45B2-866F-5BCB9F758B4F}"
EndProject
Global
	GlobalSection(SolutionConfigurationPlatforms) = preSolution
		Debug|Any CPU = Debug|Any CPU
		Release|Any CPU = Release|Any CPU
	EndGlobalSection
	GlobalSection(ProjectConfigurationPlatforms) = postSolution
		{475CB440-666C-45B2-866F-5BCB9F758B4F}.Debug|Any CPU.ActiveCfg = Debug|Any CPU
		{475CB440-666C-45B2-866F-5BCB9F758B4F}.Debug|Any CPU.Build.0 = Debug|Any CPU
		{475CB440-666C-45B2-866F-5BCB9F758B4F}.Release|Any CPU.ActiveCfg = Release|Any CPU
		{475CB440-666C-45B2-866F-5BCB9F758B4F}.Release|Any CPU.Build.0 = Release|Any CPU
	EndGlobalSection
	GlobalSection(SolutionProperties) = preSolution
		HideSolutionNode = FALSE
	EndGlobalSection
	GlobalSection(ExtensibilityGlobals) = postSolution
		SolutionGuid = {694CE9F9-F619-4FBE-B180-436891078583}
	EndGlobalSection
EndGlobal
